<?xml version="1.0" encoding="utf-8"?>
<Project ToolsVersion="4.0" xmlns="http://schemas.microsoft.com/developer/msbuild/2003">
  <ItemGroup>
    <Filter Include="來源檔案">
      <UniqueIdentifier>{4FC737F1-C7A5-4376-A066-2A32D752A2FF}</UniqueIdentifier>
      <Extensions>cpp;c;cc;cxx;c++;cppm;ixx;def;odl;idl;hpj;bat;asm;asmx</Extensions>
    </Filter>
    <Filter Include="標頭檔">
      <UniqueIdentifier>{93995380-89BD-4b04-88EB-625FBE52EBFB}</UniqueIdentifier>
      <Extensions>h;hh;hpp;hxx;h++;hm;inl;inc;ipp;xsd</Extensions>
    </Filter>
    <Filter Include="資源檔">
      <UniqueIdentifier>{67DA6AB6-F800-4c08-8B7A-83BB121AAD01}</UniqueIdentifier>
      <Extensions>rc;ico;cur;bmp;dlg;rc2;rct;bin;rgs;gif;jpg;jpeg;jpe;resx;tiff;tif;png;wav;mfcribbon-ms</Extensions>
    </Filter>
    <Filter Include="資源檔\Memory">
      <UniqueIdentifier>{8e572e25-5d1a-4add-9fd4-549fd7a9918b}</UniqueIdentifier>
    </Filter>
    <Filter Include="資源檔\Offset">
      <UniqueIdentifier>{94444c74-f0d1-462b-9bb3-a95e1b9dcde2}</UniqueIdentifier>
    </Filter>
    <Filter Include="資源檔\GetValue">
      <UniqueIdentifier>{15dc34d4-16ad-4150-8b56-f5cd3cd1458f}</UniqueIdentifier>
    </Filter>
    <Filter Include="資源檔\Function">
      <UniqueIdentifier>{b38120d4-4914-4e21-a959-3d779674c5f6}</UniqueIdentifier>
    </Filter>
  </ItemGroup>
  <ItemGroup>
    <ClCompile Include="main.cpp">
      <Filter>資源檔</Filter>
    </ClCompile>
    <ClCompile Include="Memory.cpp">
      <Filter>資源檔\Memory</Filter>
    </ClCompile>
    <ClCompile Include="getValue.cpp">
      <Filter>資源檔\GetValue</Filter>
    </ClCompile>
    <ClCompile Include="offsets.h">
      <Filter>資源檔\Offset</Filter>
    </ClCompile>
    <ClCompile Include="function.cpp">
      <Filter>資源檔\Function</Filter>
    </ClCompile>
  </ItemGroup>
  <ItemGroup>
    <ClInclude Include="include.h">
      <Filter>資源檔</Filter>
    </ClInclude>
    <ClInclude Include="Memory.h">
      <Filter>資源檔\Memory</Filter>
    </ClInclude>
    <ClInclude Include="getValue.h">
      <Filter>資源檔\GetValue</Filter>
    </ClInclude>
    <ClInclude Include="function.h">
      <Filter>資源檔\Function</Filter>
    </ClInclude>
  </ItemGroup>
</Project>